
Microsoft Visual Studio Solution File, Format Version 12.00
# Visual Studio Version 17
VisualStudioVersion = 17.11.35303.130
MinimumVisualStudioVersion = 10.0.40219.1
Project("{FAE04EC0-301F-11D3-BF4B-00C04F79EFBC}") = "BloodBankManagement", "BloodBankManagement.csproj", "{62B6BFF4-763D-4874-B19B-4F41BB860010}"
EndProject
Global
	GlobalSection(SolutionConfigurationPlatforms) = preSolution
		Debug|Any CPU = Debug|Any CPU
		Release|Any CPU = Release|Any CPU
	EndGlobalSection
	GlobalSection(ProjectConfigurationPlatforms) = postSolution
		{62B6BFF4-763D-4874-B19B-4F41BB860010}.Debug|Any CPU.ActiveCfg = Debug|Any CPU
		{62B6BFF4-763D-4874-B19B-4F41BB860010}.Debug|Any CPU.Build.0 = Debug|Any CPU
		{62B6BFF4-763D-4874-B19B-4F41BB860010}.Release|Any CPU.ActiveCfg = Release|Any CPU
		{62B6BFF4-763D-4874-B19B-4F41BB860010}.Release|Any CPU.Build.0 = Release|Any CPU
	EndGlobalSection
	GlobalSection(SolutionProperties) = preSolution
		HideSolutionNode = FALSE
	EndGlobalSection
	GlobalSection(ExtensibilityGlobals) = postSolution
		SolutionGuid = {F5AFBE6B-06F5-4741-B27D-7F821F227AF3}
	EndGlobalSection
EndGlobal
